
Microsoft Visual Studio Solution File, Format Version 12.00
# Visual Studio Version 17
VisualStudioVersion = 17.9.34616.47
MinimumVisualStudioVersion = 10.0.40219.1
Project("{FAE04EC0-301F-11D3-BF4B-00C04F79EFBC}") = "FindIpInfo", "FindIpInfo\FindIpInfo.csproj", "{ECBE5C28-1F67-43EB-93F7-338B6D63CDC1}"
EndProject
Project("{FAE04EC0-301F-11D3-BF4B-00C04F79EFBC}") = "SQLFindInTables", "SQLFindInTables\SQLFindInTables.csproj", "{54B92950-CA8B-4456-A321-CF495F55B496}"
EndProject
Global
	GlobalSection(SolutionConfigurationPlatforms) = preSolution
		Debug|Any CPU = Debug|Any CPU
		Release|Any CPU = Release|Any CPU
	EndGlobalSection
	GlobalSection(ProjectConfigurationPlatforms) = postSolution
		{ECBE5C28-1F67-43EB-93F7-338B6D63CDC1}.Debug|Any CPU.ActiveCfg = Debug|Any CPU
		{ECBE5C28-1F67-43EB-93F7-338B6D63CDC1}.Debug|Any CPU.Build.0 = Debug|Any CPU
		{ECBE5C28-1F67-43EB-93F7-338B6D63CDC1}.Release|Any CPU.ActiveCfg = Release|Any CPU
		{ECBE5C28-1F67-43EB-93F7-338B6D63CDC1}.Release|Any CPU.Build.0 = Release|Any CPU
		{54B92950-CA8B-4456-A321-CF495F55B496}.Debug|Any CPU.ActiveCfg = Debug|Any CPU
		{54B92950-CA8B-4456-A321-CF495F55B496}.Debug|Any CPU.Build.0 = Debug|Any CPU
		{54B92950-CA8B-4456-A321-CF495F55B496}.Release|Any CPU.ActiveCfg = Release|Any CPU
		{54B92950-CA8B-4456-A321-CF495F55B496}.Release|Any CPU.Build.0 = Release|Any CPU
	EndGlobalSection
	GlobalSection(SolutionProperties) = preSolution
		HideSolutionNode = FALSE
	EndGlobalSection
	GlobalSection(ExtensibilityGlobals) = postSolution
		SolutionGuid = {F5D75EA5-2CFF-4346-8F73-B8C3CFED0B63}
	EndGlobalSection
EndGlobal
